
Microsoft Visual Studio Solution File, Format Version 12.00
# Visual Studio Version 16
VisualStudioVersion = 16.0.30204.135
MinimumVisualStudioVersion = 10.0.40219.1
Project("{FAE04EC0-301F-11D3-BF4B-00C04F79EFBC}") = "AuthServer", "AuthServer.csproj", "{E85F6BE7-BB9F-4FB6-B023-B5F72518F17F}"
EndProject
Global
	GlobalSection(SolutionConfigurationPlatforms) = preSolution
		Debug|Any CPU = Debug|Any CPU
		Release|Any CPU = Release|Any CPU
	EndGlobalSection
	GlobalSection(ProjectConfigurationPlatforms) = postSolution
		{E85F6BE7-BB9F-4FB6-B023-B5F72518F17F}.Debug|Any CPU.ActiveCfg = Debug|Any CPU
		{E85F6BE7-BB9F-4FB6-B023-B5F72518F17F}.Debug|Any CPU.Build.0 = Debug|Any CPU
		{E85F6BE7-BB9F-4FB6-B023-B5F72518F17F}.Release|Any CPU.ActiveCfg = Release|Any CPU
		{E85F6BE7-BB9F-4FB6-B023-B5F72518F17F}.Release|Any CPU.Build.0 = Release|Any CPU
	EndGlobalSection
	GlobalSection(SolutionProperties) = preSolution
		HideSolutionNode = FALSE
	EndGlobalSection
	GlobalSection(ExtensibilityGlobals) = postSolution
		SolutionGuid = {247B1AF6-9864-4C9E-AB8B-F18207C62448}
	EndGlobalSection
EndGlobal
